// !$*UTF8*$!
{
	archiveVersion = 1;
	classes = {
	};
	objectVersion = 55;
	objects = {

/* Begin PBXBuildFile section */
		BA4C66FA2787509800A8CB69 /* AppDelegate.swift in Sources */ = {isa = PBXBuildFile; fileRef = BA4C66F92787509800A8CB69 /* AppDelegate.swift */; };
		BA4C66FC2787509800A8CB69 /* SceneDelegate.swift in Sources */ = {isa = PBXBuildFile; fileRef = BA4C66FB2787509800A8CB69 /* SceneDelegate.swift */; };
		BA4C66FE2787509800A8CB69 /* ViewController.swift in Sources */ = {isa = PBXBuildFile; fileRef = BA4C66FD2787509800A8CB69 /* ViewController.swift */; };
		BA4C67032787509A00A8CB69 /* Assets.xcassets in Resources */ = {isa = PBXBuildFile; fileRef = BA4C67022787509A00A8CB69 /* Assets.xcassets */; };
		BA4C67062787509A00A8CB69 /* LaunchScreen.storyboard in Resources */ = {isa = PBXBuildFile; fileRef = BA4C67042787509A00A8CB69 /* LaunchScreen.storyboard */; };
		BA4C670E2787556700A8CB69 /* MainTabBarController.swift in Sources */ = {isa = PBXBuildFile; fileRef = BA4C670D2787556700A8CB69 /* MainTabBarController.swift */; };
		BA4C67102787561D00A8CB69 /* AppCoordinator.swift in Sources */ = {isa = PBXBuildFile; fileRef = BA4C670F2787561D00A8CB69 /* AppCoordinator.swift */; };
		BA4C671227875CA900A8CB69 /* GalleryCollectionView.swift in Sources */ = {isa = PBXBuildFile; fileRef = BA4C671127875CA900A8CB69 /* GalleryCollectionView.swift */; };
		BA4C67142787622300A8CB69 /* SushiModel.swift in Sources */ = {isa = PBXBuildFile; fileRef = BA4C67132787622300A8CB69 /* SushiModel.swift */; };
		BA4C6716278762AD00A8CB69 /* GalleryCollectionViewCell.swift in Sources */ = {isa = PBXBuildFile; fileRef = BA4C6715278762AD00A8CB69 /* GalleryCollectionViewCell.swift */; };
/* End PBXBuildFile section */

/* Begin PBXFileReference section */
		BA4C66F62787509800A8CB69 /* usplash-app.app */ = {isa = PBXFileReference; explicitFileType = wrapper.application; includeInIndex = 0; path = "usplash-app.app"; sourceTree = BUILT_PRODUCTS_DIR; };
		BA4C66F92787509800A8CB69 /* AppDelegate.swift */ = {isa = PBXFileReference; lastKnownFileType = sourcecode.swift; path = AppDelegate.swift; sourceTree = "<group>"; };
		BA4C66FB2787509800A8CB69 /* SceneDelegate.swift */ = {isa = PBXFileReference; lastKnownFileType = sourcecode.swift; path = SceneDelegate.swift; sourceTree = "<group>"; };
		BA4C66FD2787509800A8CB69 /* ViewController.swift */ = {isa = PBXFileReference; lastKnownFileType = sourcecode.swift; path = ViewController.swift; sourceTree = "<group>"; };
		BA4C67022787509A00A8CB69 /* Assets.xcassets */ = {isa = PBXFileReference; lastKnownFileType = folder.assetcatalog; path = Assets.xcassets; sourceTree = "<group>"; };
		BA4C67052787509A00A8CB69 /* Base */ = {isa = PBXFileReference; lastKnownFileType = file.storyboard; name = Base; path = Base.lproj/LaunchScreen.storyboard; sourceTree = "<group>"; };
		BA4C67072787509A00A8CB69 /* Info.plist */ = {isa = PBXFileReference; lastKnownFileType = text.plist.xml; path = Info.plist; sourceTree = "<group>"; };
		BA4C670D2787556700A8CB69 /* MainTabBarController.swift */ = {isa = PBXFileReference; lastKnownFileType = sourcecode.swift; path = MainTabBarController.swift; sourceTree = "<group>"; };
		BA4C670F2787561D00A8CB69 /* AppCoordinator.swift */ = {isa = PBXFileReference; lastKnownFileType = sourcecode.swift; path = AppCoordinator.swift; sourceTree = "<group>"; };
		BA4C671127875CA900A8CB69 /* GalleryCollectionView.swift */ = {isa = PBXFileReference; lastKnownFileType = sourcecode.swift; path = GalleryCollectionView.swift; sourceTree = "<group>"; };
		BA4C67132787622300A8CB69 /* SushiModel.swift */ = {isa = PBXFileReference; lastKnownFileType = sourcecode.swift; path = SushiModel.swift; sourceTree = "<group>"; };
		BA4C6715278762AD00A8CB69 /* GalleryCollectionViewCell.swift */ = {isa = PBXFileReference; lastKnownFileType = sourcecode.swift; path = GalleryCollectionViewCell.swift; sourceTree = "<group>"; };
/* End PBXFileReference section */

/* Begin PBXFrameworksBuildPhase section */
		BA4C66F32787509800A8CB69 /* Frameworks */ = {
			isa = PBXFrameworksBuildPhase;
			buildActionMask = 2147483647;
			files = (
			);
			runOnlyForDeploymentPostprocessing = 0;
		};
/* End PBXFrameworksBuildPhase section */

/* Begin PBXGroup section */
		BA4C66ED2787509800A8CB69 = {
			isa = PBXGroup;
			children = (
				BA4C66F82787509800A8CB69 /* usplash-app */,
				BA4C66F72787509800A8CB69 /* Products */,
			);
			sourceTree = "<group>";
		};
		BA4C66F72787509800A8CB69 /* Products */ = {
			isa = PBXGroup;
			children = (
				BA4C66F62787509800A8CB69 /* usplash-app.app */,
			);
			name = Products;
			sourceTree = "<group>";
		};
		BA4C66F82787509800A8CB69 /* usplash-app */ = {
			isa = PBXGroup;
			children = (
				BA4C66F92787509800A8CB69 /* AppDelegate.swift */,
				BA4C66FB2787509800A8CB69 /* SceneDelegate.swift */,
				BA4C670F2787561D00A8CB69 /* AppCoordinator.swift */,
				BA4C66FD2787509800A8CB69 /* ViewController.swift */,
				BA4C671127875CA900A8CB69 /* GalleryCollectionView.swift */,
				BA4C6715278762AD00A8CB69 /* GalleryCollectionViewCell.swift */,
				BA4C67132787622300A8CB69 /* SushiModel.swift */,
				BA4C670D2787556700A8CB69 /* MainTabBarController.swift */,
				BA4C67022787509A00A8CB69 /* Assets.xcassets */,
				BA4C67042787509A00A8CB69 /* LaunchScreen.storyboard */,
				BA4C67072787509A00A8CB69 /* Info.plist */,
			);
			path = "usplash-app";
			sourceTree = "<group>";
		};
/* End PBXGroup section */

/* Begin PBXNativeTarget section */
		BA4C66F52787509800A8CB69 /* usplash-app */ = {
			isa = PBXNativeTarget;
			buildConfigurationList = BA4C670A2787509A00A8CB69 /* Build configuration list for PBXNativeTarget "usplash-app" */;
			buildPhases = (
				BA4C66F22787509800A8CB69 /* Sources */,
				BA4C66F32787509800A8CB69 /* Frameworks */,
				BA4C66F42787509800A8CB69 /* Resources */,
			);
			buildRules = (
			);
			dependencies = (
			);
			name = "usplash-app";
			productName = "usplash-app";
			productReference = BA4C66F62787509800A8CB69 /* usplash-app.app */;
			productType = "com.apple.product-type.application";
		};
/* End PBXNativeTarget section */

/* Begin PBXProject section */
		BA4C66EE2787509800A8CB69 /* Project object */ = {
			isa = PBXProject;
			attributes = {
				BuildIndependentTargetsInParallel = 1;
				LastSwiftUpdateCheck = 1310;
				LastUpgradeCheck = 1310;
				TargetAttributes = {
					BA4C66F52787509800A8CB69 = {
						CreatedOnToolsVersion = 13.1;
					};
				};
			};
			buildConfigurationList = BA4C66F12787509800A8CB69 /* Build configuration list for PBXProject "usplash-app" */;
			compatibilityVersion = "Xcode 13.0";
			developmentRegion = en;
			hasScannedForEncodings = 0;
			knownRegions = (
				en,
				Base,
			);
			mainGroup = BA4C66ED2787509800A8CB69;
			productRefGroup = BA4C66F72787509800A8CB69 /* Products */;
			projectDirPath = "";
			projectRoot = "";
			targets = (
				BA4C66F52787509800A8CB69 /* usplash-app */,
			);
		};
/* End PBXProject section */

/* Begin PBXResourcesBuildPhase section */
		BA4C66F42787509800A8CB69 /* Resources */ = {
			isa = PBXResourcesBuildPhase;
			buildActionMask = 2147483647;
			files = (
				BA4C67062787509A00A8CB69 /* LaunchScreen.storyboard in Resources */,
				BA4C67032787509A00A8CB69 /* Assets.xcassets in Resources */,
			);
			runOnlyForDeploymentPostprocessing = 0;
		};
/* End PBXResourcesBuildPhase section */

/* Begin PBXSourcesBuildPhase section */
		BA4C66F22787509800A8CB69 /* Sources */ = {
			isa = PBXSourcesBuildPhase;
			buildActionMask = 2147483647;
			files = (
				BA4C66FE2787509800A8CB69 /* ViewController.swift in Sources */,
				BA4C6716278762AD00A8CB69 /* GalleryCollectionViewCell.swift in Sources */,
				BA4C66FA2787509800A8CB69 /* AppDelegate.swift in Sources */,
				BA4C67102787561D00A8CB69 /* AppCoordinator.swift in Sources */,
				BA4C67142787622300A8CB69 /* SushiModel.swift in Sources */,
				BA4C671227875CA900A8CB69 /* GalleryCollectionView.swift in Sources */,
				BA4C670E2787556700A8CB69 /* MainTabBarController.swift in Sources */,
				BA4C66FC2787509800A8CB69 /* SceneDelegate.swift in Sources */,
			);
			runOnlyForDeploymentPostprocessing = 0;
		};
/* End PBXSourcesBuildPhase section */

/* Begin PBXVariantGroup section */
		BA4C67042787509A00A8CB69 /* LaunchScreen.storyboard */ = {
			isa = PBXVariantGroup;
			children = (
				BA4C67052787509A00A8CB69 /* Base */,
			);
			name = LaunchScreen.storyboard;
			sourceTree = "<group>";
		};
/* End PBXVariantGroup section */

/* Begin XCBuildConfiguration section */
		BA4C67082787509A00A8CB69 /* Debug */ = {
			isa = XCBuildConfiguration;
			buildSettings = {
				ALWAYS_SEARCH_USER_PATHS = NO;
				CLANG_ANALYZER_NONNULL = YES;
				CLANG_ANALYZER_NUMBER_OBJECT_CONVERSION = YES_AGGRESSIVE;
				CLANG_CXX_LANGUAGE_STANDARD = "gnu++17";
				CLANG_CXX_LIBRARY = "libc++";
				CLANG_ENABLE_MODULES = YES;
				CLANG_ENABLE_OBJC_ARC = YES;
				CLANG_ENABLE_OBJC_WEAK = YES;
				CLANG_WARN_BLOCK_CAPTURE_AUTORELEASING = YES;
				CLANG_WARN_BOOL_CONVERSION = YES;
				CLANG_WARN_COMMA = YES;
				CLANG_WARN_CONSTANT_CONVERSION = YES;
				CLANG_WARN_DEPRECATED_OBJC_IMPLEMENTATIONS = YES;
				CLANG_WARN_DIRECT_OBJC_ISA_USAGE = YES_ERROR;
				CLANG_WARN_DOCUMENTATION_COMMENTS = YES;
				CLANG_WARN_EMPTY_BODY = YES;
				CLANG_WARN_ENUM_CONVERSION = YES;
				CLANG_WARN_INFINITE_RECURSION = YES;
				CLANG_WARN_INT_CONVERSION = YES;
				CLANG_WARN_NON_LITERAL_NULL_CONVERSION = YES;
				CLANG_WARN_OBJC_IMPLICIT_RETAIN_SELF = YES;
				CLANG_WARN_OBJC_LITERAL_CONVERSION = YES;
				CLANG_WARN_OBJC_ROOT_CLASS = YES_ERROR;
				CLANG_WARN_QUOTED_INCLUDE_IN_FRAMEWORK_HEADER = YES;
				CLANG_WARN_RANGE_LOOP_ANALYSIS = YES;
				CLANG_WARN_STRICT_PROTOTYPES = YES;
				CLANG_WARN_SUSPICIOUS_MOVE = YES;
				CLANG_WARN_UNGUARDED_AVAILABILITY = YES_AGGRESSIVE;
				CLANG_WARN_UNREACHABLE_CODE = YES;
				CLANG_WARN__DUPLICATE_METHOD_MATCH = YES;
				COPY_PHASE_STRIP = NO;
				DEBUG_INFORMATION_FORMAT = dwarf;
				ENABLE_STRICT_OBJC_MSGSEND = YES;
				ENABLE_TESTABILITY = YES;
				GCC_C_LANGUAGE_STANDARD = gnu11;
				GCC_DYNAMIC_NO_PIC = NO;
				GCC_NO_COMMON_BLOCKS = YES;
				GCC_OPTIMIZATION_LEVEL = 0;
				GCC_PREPROCESSOR_DEFINITIONS = (
					"DEBUG=1",
					"$(inherited)",
				);
				GCC_WARN_64_TO_32_BIT_CONVERSION = YES;
				GCC_WARN_ABOUT_RETURN_TYPE = YES_ERROR;
				GCC_WARN_UNDECLARED_SELECTOR = YES;
				GCC_WARN_UNINITIALIZED_AUTOS = YES_AGGRESSIVE;
				GCC_WARN_UNUSED_FUNCTION = YES;
				GCC_WARN_UNUSED_VARIABLE = YES;
				IPHONEOS_DEPLOYMENT_TARGET = 15.0;
				MTL_ENABLE_DEBUG_INFO = INCLUDE_SOURCE;
				MTL_FAST_MATH = YES;
				ONLY_ACTIVE_ARCH = YES;
				SDKROOT = iphoneos;
				SWIFT_ACTIVE_COMPILATION_CONDITIONS = DEBUG;
				SWIFT_OPTIMIZATION_LEVEL = "-Onone";
			};
			name = Debug;
		};
		BA4C67092787509A00A8CB69 /* Release */ = {
			isa = XCBuildConfiguration;
			buildSettings = {
				ALWAYS_SEARCH_USER_PATHS = NO;
				CLANG_ANALYZER_NONNULL = YES;
				CLANG_ANALYZER_NUMBER_OBJECT_CONVERSION = YES_AGGRESSIVE;
				CLANG_CXX_LANGUAGE_STANDARD = "gnu++17";
				CLANG_CXX_LIBRARY = "libc++";
				CLANG_ENABLE_MODULES = YES;
				CLANG_ENABLE_OBJC_ARC = YES;
				CLANG_ENABLE_OBJC_WEAK = YES;
				CLANG_WARN_BLOCK_CAPTURE_AUTORELEASING = YES;
				CLANG_WARN_BOOL_CONVERSION = YES;
				CLANG_WARN_COMMA = YES;
				CLANG_WARN_CONSTANT_CONVERSION = YES;
				CLANG_WARN_DEPRECATED_OBJC_IMPLEMENTATIONS = YES;
				CLANG_WARN_DIRECT_OBJC_ISA_USAGE = YES_ERROR;
				CLANG_WARN_DOCUMENTATION_COMMENTS = YES;
				CLANG_WARN_EMPTY_BODY = YES;
				CLANG_WARN_ENUM_CONVERSION = YES;
				CLANG_WARN_INFINITE_RECURSION = YES;
				CLANG_WARN_INT_CONVERSION = YES;
				CLANG_WARN_NON_LITERAL_NULL_CONVERSION = YES;
				CLANG_WARN_OBJC_IMPLICIT_RETAIN_SELF = YES;
				CLANG_WARN_OBJC_LITERAL_CONVERSION = YES;
				CLANG_WARN_OBJC_ROOT_CLASS = YES_ERROR;
				CLANG_WARN_QUOTED_INCLUDE_IN_FRAMEWORK_HEADER = YES;
				CLANG_WARN_RANGE_LOOP_ANALYSIS = YES;
				CLANG_WARN_STRICT_PROTOTYPES = YES;
				CLANG_WARN_SUSPICIOUS_MOVE = YES;
				CLANG_WARN_UNGUARDED_AVAILABILITY = YES_AGGRESSIVE;
				CLANG_WARN_UNREACHABLE_CODE = YES;
				CLANG_WARN__DUPLICATE_METHOD_MATCH = YES;
				COPY_PHASE_STRIP = NO;
				DEBUG_INFORMATION_FORMAT = "dwarf-with-dsym";
				ENABLE_NS_ASSERTIONS = NO;
				ENABLE_STRICT_OBJC_MSGSEND = YES;
				GCC_C_LANGUAGE_STANDARD = gnu11;
				GCC_NO_COMMON_BLOCKS = YES;
				GCC_WARN_64_TO_32_BIT_CONVERSION = YES;
				GCC_WARN_ABOUT_RETURN_TYPE = YES_ERROR;
				GCC_WARN_UNDECLARED_SELECTOR = YES;
				GCC_WARN_UNINITIALIZED_AUTOS = YES_AGGRESSIVE;
				GCC_WARN_UNUSED_FUNCTION = YES;
				GCC_WARN_UNUSED_VARIABLE = YES;
				IPHONEOS_DEPLOYMENT_TARGET = 15.0;
				MTL_ENABLE_DEBUG_INFO = NO;
				MTL_FAST_MATH = YES;
				SDKROOT = iphoneos;
				SWIFT_COMPILATION_MODE = wholemodule;
				SWIFT_OPTIMIZATION_LEVEL = "-O";
				VALIDATE_PRODUCT = YES;
			};
			name = Release;
		};
		BA4C670B2787509A00A8CB69 /* Debug */ = {
			isa = XCBuildConfiguration;
			buildSettings = {
				ASSETCATALOG_COMPILER_APPICON_NAME = AppIcon;
				ASSETCATALOG_COMPILER_GLOBAL_ACCENT_COLOR_NAME = AccentColor;
				CODE_SIGN_STYLE = Automatic;
				CURRENT_PROJECT_VERSION = 1;
				DEVELOPMENT_TEAM = 9N36M22CA6;
				GENERATE_INFOPLIST_FILE = YES;
				INFOPLIST_FILE = "usplash-app/Info.plist";
				INFOPLIST_KEY_UIApplicationSupportsIndirectInputEvents = YES;
				INFOPLIST_KEY_UILaunchStoryboardName = LaunchScreen;
				INFOPLIST_KEY_UISupportedInterfaceOrientations_iPad = "UIInterfaceOrientationPortrait UIInterfaceOrientationPortraitUpsideDown UIInterfaceOrientationLandscapeLeft UIInterfaceOrientationLandscapeRight";
				INFOPLIST_KEY_UISupportedInterfaceOrientations_iPhone = "UIInterfaceOrientationPortrait UIInterfaceOrientationLandscapeLeft UIInterfaceOrientationLandscapeRight";
				LD_RUNPATH_SEARCH_PATHS = (
					"$(inherited)",
					"@executable_path/Frameworks",
				);
				MARKETING_VERSION = 1.0;
				PRODUCT_BUNDLE_IDENTIFIER = "com.matvey.borisov.usplash-app";
				PRODUCT_NAME = "$(TARGET_NAME)";
				SWIFT_EMIT_LOC_STRINGS = YES;
				SWIFT_VERSION = 5.0;
				TARGETED_DEVICE_FAMILY = "1,2";
			};
			name = Debug;
		};
		BA4C670C2787509A00A8CB69 /* Release */ = {
			isa = XCBuildConfiguration;
			buildSettings = {
				ASSETCATALOG_COMPILER_APPICON_NAME = AppIcon;
				ASSETCATALOG_COMPILER_GLOBAL_ACCENT_COLOR_NAME = AccentColor;
				CODE_SIGN_STYLE = Automatic;
				CURRENT_PROJECT_VERSION = 1;
				DEVELOPMENT_TEAM = 9N36M22CA6;
				GENERATE_INFOPLIST_FILE = YES;
				INFOPLIST_FILE = "usplash-app/Info.plist";
				INFOPLIST_KEY_UIApplicationSupportsIndirectInputEvents = YES;
				INFOPLIST_KEY_UILaunchStoryboardName = LaunchScreen;
				INFOPLIST_KEY_UISupportedInterfaceOrientations_iPad = "UIInterfaceOrientationPortrait UIInterfaceOrientationPortraitUpsideDown UIInterfaceOrientationLandscapeLeft UIInterfaceOrientationLandscapeRight";
				INFOPLIST_KEY_UISupportedInterfaceOrientations_iPhone = "UIInterfaceOrientationPortrait UIInterfaceOrientationLandscapeLeft UIInterfaceOrientationLandscapeRight";
				LD_RUNPATH_SEARCH_PATHS = (
					"$(inherited)",
					"@executable_path/Frameworks",
				);
				MARKETING_VERSION = 1.0;
				PRODUCT_BUNDLE_IDENTIFIER = "com.matvey.borisov.usplash-app";
				PRODUCT_NAME = "$(TARGET_NAME)";
				SWIFT_EMIT_LOC_STRINGS = YES;
				SWIFT_VERSION = 5.0;
				TARGETED_DEVICE_FAMILY = "1,2";
			};
			name = Release;
		};
/* End XCBuildConfiguration section */

/* Begin XCConfigurationList section */
		BA4C66F12787509800A8CB69 /* Build configuration list for PBXProject "usplash-app" */ = {
			isa = XCConfigurationList;
			buildConfigurations = (
				BA4C67082787509A00A8CB69 /* Debug */,
				BA4C67092787509A00A8CB69 /* Release */,
			);
			defaultConfigurationIsVisible = 0;
			defaultConfigurationName = Release;
		};
		BA4C670A2787509A00A8CB69 /* Build configuration list for PBXNativeTarget "usplash-app" */ = {
			isa = XCConfigurationList;
			buildConfigurations = (
				BA4C670B2787509A00A8CB69 /* Debug */,
				BA4C670C2787509A00A8CB69 /* Release */,
			);
			defaultConfigurationIsVisible = 0;
			defaultConfigurationName = Release;
		};
/* End XCConfigurationList section */
	};
	rootObject = BA4C66EE2787509800A8CB69 /* Project object */;
}
